<?xml version="1.0" encoding="utf-8"?>
<Project ToolsVersion="4.0" xmlns="http://schemas.microsoft.com/developer/msbuild/2003">
  <ItemGroup>
    <Filter Include="Source Files">
      <UniqueIdentifier>{4FC737F1-C7A5-4376-A066-2A32D752A2FF}</UniqueIdentifier>
      <Extensions>cpp;c;cc;cxx;def;odl;idl;hpj;bat;asm;asmx</Extensions>
    </Filter>
    <Filter Include="Header Files">
      <UniqueIdentifier>{93995380-89BD-4b04-88EB-625FBE52EBFB}</UniqueIdentifier>
      <Extensions>h;hh;hpp;hxx;hm;inl;inc;xsd</Extensions>
    </Filter>
    <Filter Include="Resource Files">
      <UniqueIdentifier>{D9D6E242-F8AF-46E4-B9FD-80ECBC20BA3E}</UniqueIdentifier>
      <Extensions>qrc;*</Extensions>
      <ParseFiles>false</ParseFiles>
    </Filter>
    <Filter Include="Form Files">
      <UniqueIdentifier>{99349809-55BA-4b9d-BF79-8FDBB0286EB3}</UniqueIdentifier>
      <Extensions>ui</Extensions>
    </Filter>
    <Filter Include="Resource Files">
      <UniqueIdentifier>{D9D6E242-F8AF-46E4-B9FD-80ECBC20BA3E}</UniqueIdentifier>
      <Extensions>qrc;*</Extensions>
      <ParseFiles>false</ParseFiles>
    </Filter>
    <Filter Include="presets">
      <UniqueIdentifier>{5dfd679a-84f5-4050-8748-b5004da329b4}</UniqueIdentifier>
    </Filter>
  </ItemGroup>
  <ItemGroup>
    <ClCompile Include="main.cpp">
      <Filter>Source Files</Filter>
    </ClCompile>
    <ClCompile Include="Renoir.cpp">
      <Filter>Source Files</Filter>
    </ClCompile>
    <ClCompile Include="Filter.cpp">
      <Filter>Source Files</Filter>
    </ClCompile>
    <ClCompile Include="Treshold.cpp">
      <Filter>Source Files</Filter>
    </ClCompile>
    <ClCompile Include="Dither.cpp">
      <Filter>Source Files</Filter>
    </ClCompile>
    <ClCompile Include="Gauss.cpp">
      <Filter>Source Files</Filter>
    </ClCompile>
    <ClCompile Include="Sharpen.cpp">
      <Filter>Source Files</Filter>
    </ClCompile>
    <ClCompile Include="EdgeDetection.cpp">
      <Filter>Source Files</Filter>
    </ClCompile>
    <ClCompile Include="Kernel.cpp">
      <Filter>Source Files</Filter>
    </ClCompile>
    <ClCompile Include="Layer.cpp">
      <Filter>Source Files</Filter>
    </ClCompile>
    <ClCompile Include="PixmapExport.cpp">
      <Filter>Source Files</Filter>
    </ClCompile>
    <ClCompile Include="Canvas.cpp">
      <Filter>Source Files</Filter>
    </ClCompile>
    <ClCompile Include="DitherDialog.cpp">
      <Filter>Source Files</Filter>
    </ClCompile>
    <ClCompile Include="KernelDialog.cpp">
      <Filter>Source Files</Filter>
    </ClCompile>
    <ClCompile Include="SharpenDialog.cpp">
      <Filter>Source Files</Filter>
    </ClCompile>
    <ClCompile Include="TresholdDialog.cpp">
      <Filter>Source Files</Filter>
    </ClCompile>
    <ClCompile Include="EdgeDetectionDialog.cpp">
      <Filter>Source Files</Filter>
    </ClCompile>
    <ClCompile Include="GaussianBlurDialog.cpp">
      <Filter>Source Files</Filter>
    </ClCompile>
    <ClCompile Include="Mandelbrot.cpp">
      <Filter>Source Files</Filter>
    </ClCompile>
    <ClCompile Include="RandomNoise.cpp">
      <Filter>Source Files</Filter>
    </ClCompile>
    <ClCompile Include="Julia.cpp">
      <Filter>Source Files</Filter>
    </ClCompile>
    <ClCompile Include="LSystem.cpp">
      <Filter>Source Files</Filter>
    </ClCompile>
    <ClCompile Include="Fractal.cpp">
      <Filter>Source Files</Filter>
    </ClCompile>
    <ClCompile Include="Exporter.cpp">
      <Filter>Source Files</Filter>
    </ClCompile>
    <ClCompile Include="Brush.cpp">
      <Filter>Source Files</Filter>
    </ClCompile>
    <ClCompile Include="Eraser.cpp">
      <Filter>Source Files</Filter>
    </ClCompile>
    <ClCompile Include="Base64ExportDialog.cpp">
      <Filter>Source Files</Filter>
    </ClCompile>
    <ClCompile Include="Base64Output.cpp">
      <Filter>Source Files</Filter>
    </ClCompile>
    <ClCompile Include="NewFileDialog.cpp">
      <Filter>Source Files</Filter>
    </ClCompile>
    <ClCompile Include="MandelbrotDialog.cpp">
      <Filter>Source Files</Filter>
    </ClCompile>
    <ClCompile Include="JuliaDialog.cpp">
      <Filter>Source Files</Filter>
    </ClCompile>
    <ClCompile Include="LSystemDialog.cpp">
      <Filter>Source Files</Filter>
    </ClCompile>
    <ClCompile Include="non_template_functions.cpp">
      <Filter>Source Files</Filter>
    </ClCompile>
    <ClCompile Include="NoiseDialog.cpp">
      <Filter>Source Files</Filter>
    </ClCompile>
    <ClCompile Include="BrushSizeDialog.cpp">
      <Filter>Source Files</Filter>
    </ClCompile>
    <ClCompile Include="Rectangle.cpp">
      <Filter>Source Files</Filter>
    </ClCompile>
    <ClCompile Include="Ellipse.cpp">
      <Filter>Source Files</Filter>
    </ClCompile>
    <ClCompile Include="Text.cpp">
      <Filter>Source Files</Filter>
    </ClCompile>
    <ClCompile Include="RasterLayer.cpp">
      <Filter>Source Files</Filter>
    </ClCompile>
    <ClCompile Include="SetLayerNameDialog.cpp">
      <Filter>Source Files</Filter>
    </ClCompile>
    <ClCompile Include="RectangleSettingsDialog.cpp">
      <Filter>Source Files</Filter>
    </ClCompile>
    <ClCompile Include="EllipseSettingsDialog.cpp">
      <Filter>Source Files</Filter>
    </ClCompile>
    <ClCompile Include="TextSettingsDialog.cpp">
      <Filter>Source Files</Filter>
    </ClCompile>
  </ItemGroup>
  <ItemGroup>
    <QtMoc Include="Renoir.h">
      <Filter>Header Files</Filter>
    </QtMoc>
    <QtMoc Include="PixmapExport.h">
      <Filter>Header Files</Filter>
    </QtMoc>
    <QtMoc Include="DitherDialog.h">
      <Filter>Header Files</Filter>
    </QtMoc>
    <QtMoc Include="KernelDialog.h">
      <Filter>Header Files</Filter>
    </QtMoc>
    <QtMoc Include="SharpenDialog.h">
      <Filter>Header Files</Filter>
    </QtMoc>
    <QtMoc Include="TresholdDialog.h">
      <Filter>Header Files</Filter>
    </QtMoc>
    <QtMoc Include="EdgeDetectionDialog.h">
      <Filter>Header Files</Filter>
    </QtMoc>
    <QtMoc Include="GaussianBlurDialog.h">
      <Filter>Header Files</Filter>
    </QtMoc>
    <QtMoc Include="Base64ExportDialog.h">
      <Filter>Header Files</Filter>
    </QtMoc>
    <QtMoc Include="Base64Output.h">
      <Filter>Header Files</Filter>
    </QtMoc>
    <QtMoc Include="NewFileDialog.h">
      <Filter>Header Files</Filter>
    </QtMoc>
    <QtMoc Include="MandelbrotDialog.h">
      <Filter>Header Files</Filter>
    </QtMoc>
    <QtMoc Include="JuliaDialog.h">
      <Filter>Header Files</Filter>
    </QtMoc>
    <QtMoc Include="LSystemDialog.h">
      <Filter>Header Files</Filter>
    </QtMoc>
    <QtMoc Include="NoiseDialog.h">
      <Filter>Header Files</Filter>
    </QtMoc>
    <QtMoc Include="BrushSizeDialog.h">
      <Filter>Header Files</Filter>
    </QtMoc>
    <QtMoc Include="SetLayerNameDialog.h">
      <Filter>Header Files</Filter>
    </QtMoc>
    <QtMoc Include="TextSettingsDialog.h">
      <Filter>Header Files</Filter>
    </QtMoc>
    <QtMoc Include="RectangleSettingsDialog.h">
      <Filter>Header Files</Filter>
    </QtMoc>
    <QtMoc Include="EllipseSettingsDialog.h">
      <Filter>Header Files</Filter>
    </QtMoc>
  </ItemGroup>
  <ItemGroup>
    <QtUic Include="Renoir.ui">
      <Filter>Form Files</Filter>
    </QtUic>
    <QtUic Include="portable_anymap_export_dialog.ui">
      <Filter>Form Files</Filter>
    </QtUic>
    <QtUic Include="applyKernelFilterDialog.ui">
      <Filter>Form Files</Filter>
    </QtUic>
    <QtUic Include="applyTresholdFilterDialog.ui">
      <Filter>Form Files</Filter>
    </QtUic>
    <QtUic Include="applyGaussianFilterDialog.ui">
      <Filter>Form Files</Filter>
    </QtUic>
    <QtUic Include="applyEdgeDetectionFilterDialog.ui">
      <Filter>Form Files</Filter>
    </QtUic>
    <QtUic Include="applySharpenFilterDialog.ui">
      <Filter>Form Files</Filter>
    </QtUic>
    <QtUic Include="applyDitheringFilterDialog.ui">
      <Filter>Form Files</Filter>
    </QtUic>
    <QtUic Include="MandelbrotDialog.ui">
      <Filter>Form Files</Filter>
    </QtUic>
    <QtUic Include="base64ExportDialog.ui">
      <Filter>Form Files</Filter>
    </QtUic>
    <QtUic Include="base64OutputDialog.ui">
      <Filter>Form Files</Filter>
    </QtUic>
    <QtUic Include="JuliaDialog.ui">
      <Filter>Form Files</Filter>
    </QtUic>
    <QtUic Include="LSystemDialog.ui">
      <Filter>Form Files</Filter>
    </QtUic>
    <QtUic Include="newFileDialog.ui">
      <Filter>Form Files</Filter>
    </QtUic>
    <QtUic Include="noiseDialog.ui">
      <Filter>Form Files</Filter>
    </QtUic>
    <QtUic Include="setBrushSizeDialog.ui">
      <Filter>Form Files</Filter>
    </QtUic>
    <QtUic Include="setLayerNameDialog.ui">
      <Filter>Form Files</Filter>
    </QtUic>
    <QtUic Include="RectangleSettingDialog.ui">
      <Filter>Form Files</Filter>
    </QtUic>
    <QtUic Include="EllipseSettingDialog.ui">
      <Filter>Form Files</Filter>
    </QtUic>
    <QtUic Include="TextSettingsDialog.ui">
      <Filter>Form Files</Filter>
    </QtUic>
  </ItemGroup>
  <ItemGroup>
    <QtRcc Include="Renoir.qrc">
      <Filter>Resource Files</Filter>
    </QtRcc>
  </ItemGroup>
  <ItemGroup>
    <ClInclude Include="Filter.h">
      <Filter>Header Files</Filter>
    </ClInclude>
    <ClInclude Include="Treshold.h">
      <Filter>Header Files</Filter>
    </ClInclude>
    <ClInclude Include="Dither.h">
      <Filter>Header Files</Filter>
    </ClInclude>
    <ClInclude Include="Gauss.h">
      <Filter>Header Files</Filter>
    </ClInclude>
    <ClInclude Include="Sharpen.h">
      <Filter>Header Files</Filter>
    </ClInclude>
    <ClInclude Include="EdgeDetection.h">
      <Filter>Header Files</Filter>
    </ClInclude>
    <ClInclude Include="Kernel.h">
      <Filter>Header Files</Filter>
    </ClInclude>
    <ClInclude Include="enums.h">
      <Filter>Header Files</Filter>
    </ClInclude>
    <ClInclude Include="Layer.h">
      <Filter>Header Files</Filter>
    </ClInclude>
    <ClInclude Include="Canvas.h">
      <Filter>Header Files</Filter>
    </ClInclude>
    <ClInclude Include="Mandelbrot.h">
      <Filter>Header Files</Filter>
    </ClInclude>
    <ClInclude Include="RandomNoise.h">
      <Filter>Header Files</Filter>
    </ClInclude>
    <ClInclude Include="Julia.h">
      <Filter>Header Files</Filter>
    </ClInclude>
    <ClInclude Include="LSystem.h">
      <Filter>Header Files</Filter>
    </ClInclude>
    <ClInclude Include="functions.h">
      <Filter>Header Files</Filter>
    </ClInclude>
    <ClInclude Include="Fractal.h">
      <Filter>Header Files</Filter>
    </ClInclude>
    <ClInclude Include="Exporter.h">
      <Filter>Header Files</Filter>
    </ClInclude>
    <ClInclude Include="Brush.h">
      <Filter>Header Files</Filter>
    </ClInclude>
    <ClInclude Include="Eraser.h">
      <Filter>Header Files</Filter>
    </ClInclude>
    <ClInclude Include="non_template_functions.h">
      <Filter>Header Files</Filter>
    </ClInclude>
    <ClInclude Include="Rectangle.h">
      <Filter>Header Files</Filter>
    </ClInclude>
    <ClInclude Include="Ellipse.h">
      <Filter>Header Files</Filter>
    </ClInclude>
    <ClInclude Include="Text.h">
      <Filter>Header Files</Filter>
    </ClInclude>
    <ClInclude Include="RasterLayer.h">
      <Filter>Header Files</Filter>
    </ClInclude>
  </ItemGroup>
  <ItemGroup>
    <None Include="tree1.json">
      <Filter>presets</Filter>
    </None>
    <None Include="tree2.json">
      <Filter>presets</Filter>
    </None>
    <None Include="tree3.json">
      <Filter>presets</Filter>
    </None>
    <None Include="tree4.json">
      <Filter>presets</Filter>
    </None>
    <None Include="tree5.json">
      <Filter>presets</Filter>
    </None>
    <None Include="tree6.json">
      <Filter>presets</Filter>
    </None>
    <None Include="fass.json">
      <Filter>presets</Filter>
    </None>
    <None Include="fass2.json">
      <Filter>presets</Filter>
    </None>
    <None Include="koch1.json">
      <Filter>presets</Filter>
    </None>
    <None Include="koch2.json">
      <Filter>presets</Filter>
    </None>
    <None Include="koch3.json">
      <Filter>presets</Filter>
    </None>
    <None Include="koch4.json">
      <Filter>presets</Filter>
    </None>
    <None Include="koch5.json">
      <Filter>presets</Filter>
    </None>
    <None Include="koch6.json">
      <Filter>presets</Filter>
    </None>
    <None Include="koch7.json">
      <Filter>presets</Filter>
    </None>
    <None Include="koch8.json">
      <Filter>presets</Filter>
    </None>
    <None Include="koch9.json">
      <Filter>presets</Filter>
    </None>
    <None Include="koch10.json">
      <Filter>presets</Filter>
    </None>
    <None Include="ClassDiagram.cd" />
  </ItemGroup>
</Project>